// !$*UTF8*$!
{
	archiveVersion = 1;
	classes = {
	};
	objectVersion = 46;
	objects = {

/* Begin PBXBuildFile section */
		A64111441DF05FB700D9DE57 /* AppDelegate.swift in Sources */ = {isa = PBXBuildFile; fileRef = A64111431DF05FB700D9DE57 /* AppDelegate.swift */; };
		A64111461DF05FB700D9DE57 /* ViewController.swift in Sources */ = {isa = PBXBuildFile; fileRef = A64111451DF05FB700D9DE57 /* ViewController.swift */; };
		A64111491DF05FB700D9DE57 /* Main.storyboard in Resources */ = {isa = PBXBuildFile; fileRef = A64111471DF05FB700D9DE57 /* Main.storyboard */; };
		A641114B1DF05FB700D9DE57 /* Assets.xcassets in Resources */ = {isa = PBXBuildFile; fileRef = A641114A1DF05FB700D9DE57 /* Assets.xcassets */; };
		A641114E1DF05FB700D9DE57 /* LaunchScreen.storyboard in Resources */ = {isa = PBXBuildFile; fileRef = A641114C1DF05FB700D9DE57 /* LaunchScreen.storyboard */; };
		A64111671DF0600100D9DE57 /* appicon@2x.png in Resources */ = {isa = PBXBuildFile; fileRef = A64111551DF0600100D9DE57 /* appicon@2x.png */; };
		A64111681DF0600100D9DE57 /* appicon@3x.png in Resources */ = {isa = PBXBuildFile; fileRef = A64111561DF0600100D9DE57 /* appicon@3x.png */; };
		A64111691DF0600100D9DE57 /* icon-characters-2.png in Resources */ = {isa = PBXBuildFile; fileRef = A64111571DF0600100D9DE57 /* icon-characters-2.png */; };
		A641116A1DF0600100D9DE57 /* icon-characters.pdf in Resources */ = {isa = PBXBuildFile; fileRef = A64111581DF0600100D9DE57 /* icon-characters.pdf */; };
		A641116B1DF0600100D9DE57 /* icon-characters.png in Resources */ = {isa = PBXBuildFile; fileRef = A64111591DF0600100D9DE57 /* icon-characters.png */; };
		A641116C1DF0600100D9DE57 /* icon-characters@2x.png in Resources */ = {isa = PBXBuildFile; fileRef = A641115A1DF0600100D9DE57 /* icon-characters@2x.png */; };
		A641116D1DF0600100D9DE57 /* icon-characters@3x.png in Resources */ = {isa = PBXBuildFile; fileRef = A641115B1DF0600100D9DE57 /* icon-characters@3x.png */; };
		A641116E1DF0600100D9DE57 /* icon-starship.pdf in Resources */ = {isa = PBXBuildFile; fileRef = A641115C1DF0600100D9DE57 /* icon-starship.pdf */; };
		A641116F1DF0600100D9DE57 /* icon-starships.png in Resources */ = {isa = PBXBuildFile; fileRef = A641115D1DF0600100D9DE57 /* icon-starships.png */; };
		A64111701DF0600100D9DE57 /* icon-starships@2x.png in Resources */ = {isa = PBXBuildFile; fileRef = A641115E1DF0600100D9DE57 /* icon-starships@2x.png */; };
		A64111711DF0600100D9DE57 /* icon-starships@3x.png in Resources */ = {isa = PBXBuildFile; fileRef = A641115F1DF0600100D9DE57 /* icon-starships@3x.png */; };
		A64111721DF0600100D9DE57 /* icon-vehicle.pdf in Resources */ = {isa = PBXBuildFile; fileRef = A64111601DF0600100D9DE57 /* icon-vehicle.pdf */; };
		A64111731DF0600100D9DE57 /* icon-vehicles-2.png in Resources */ = {isa = PBXBuildFile; fileRef = A64111611DF0600100D9DE57 /* icon-vehicles-2.png */; };
		A64111741DF0600100D9DE57 /* icon-vehicles.png in Resources */ = {isa = PBXBuildFile; fileRef = A64111621DF0600100D9DE57 /* icon-vehicles.png */; };
		A64111751DF0600100D9DE57 /* icon-vehicles@2x.png in Resources */ = {isa = PBXBuildFile; fileRef = A64111631DF0600100D9DE57 /* icon-vehicles@2x.png */; };
		A64111761DF0600100D9DE57 /* icon-vehicles@3x.png in Resources */ = {isa = PBXBuildFile; fileRef = A64111641DF0600100D9DE57 /* icon-vehicles@3x.png */; };
		A64111771DF0600100D9DE57 /* iTunesArtwork.png in Resources */ = {isa = PBXBuildFile; fileRef = A64111651DF0600100D9DE57 /* iTunesArtwork.png */; };
		A64111781DF0600100D9DE57 /* star-wars-api.ai in Resources */ = {isa = PBXBuildFile; fileRef = A64111661DF0600100D9DE57 /* star-wars-api.ai */; };
		A641117D1DF0601400D9DE57 /* star-wars-api-characters.png in Resources */ = {isa = PBXBuildFile; fileRef = A64111791DF0601400D9DE57 /* star-wars-api-characters.png */; };
		A641117E1DF0601400D9DE57 /* star-wars-api-home.png in Resources */ = {isa = PBXBuildFile; fileRef = A641117A1DF0601400D9DE57 /* star-wars-api-home.png */; };
		A641117F1DF0601400D9DE57 /* star-wars-api-starships.png in Resources */ = {isa = PBXBuildFile; fileRef = A641117B1DF0601400D9DE57 /* star-wars-api-starships.png */; };
		A64111801DF0601400D9DE57 /* star-wars-api-vehicles.png in Resources */ = {isa = PBXBuildFile; fileRef = A641117C1DF0601400D9DE57 /* star-wars-api-vehicles.png */; };
/* End PBXBuildFile section */

/* Begin PBXFileReference section */
		A64111401DF05FB700D9DE57 /* The API Awakens.app */ = {isa = PBXFileReference; explicitFileType = wrapper.application; includeInIndex = 0; path = "The API Awakens.app"; sourceTree = BUILT_PRODUCTS_DIR; };
		A64111431DF05FB700D9DE57 /* AppDelegate.swift */ = {isa = PBXFileReference; lastKnownFileType = sourcecode.swift; path = AppDelegate.swift; sourceTree = "<group>"; };
		A64111451DF05FB700D9DE57 /* ViewController.swift */ = {isa = PBXFileReference; lastKnownFileType = sourcecode.swift; path = ViewController.swift; sourceTree = "<group>"; };
		A64111481DF05FB700D9DE57 /* Base */ = {isa = PBXFileReference; lastKnownFileType = file.storyboard; name = Base; path = Base.lproj/Main.storyboard; sourceTree = "<group>"; };
		A641114A1DF05FB700D9DE57 /* Assets.xcassets */ = {isa = PBXFileReference; lastKnownFileType = folder.assetcatalog; path = Assets.xcassets; sourceTree = "<group>"; };
		A641114D1DF05FB700D9DE57 /* Base */ = {isa = PBXFileReference; lastKnownFileType = file.storyboard; name = Base; path = Base.lproj/LaunchScreen.storyboard; sourceTree = "<group>"; };
		A641114F1DF05FB700D9DE57 /* Info.plist */ = {isa = PBXFileReference; lastKnownFileType = text.plist.xml; path = Info.plist; sourceTree = "<group>"; };
		A64111551DF0600100D9DE57 /* appicon@2x.png */ = {isa = PBXFileReference; lastKnownFileType = image.png; name = "appicon@2x.png"; path = "../API_Awakens_Img/appicon@2x.png"; sourceTree = "<group>"; };
		A64111561DF0600100D9DE57 /* appicon@3x.png */ = {isa = PBXFileReference; lastKnownFileType = image.png; name = "appicon@3x.png"; path = "../API_Awakens_Img/appicon@3x.png"; sourceTree = "<group>"; };
		A64111571DF0600100D9DE57 /* icon-characters-2.png */ = {isa = PBXFileReference; lastKnownFileType = image.png; name = "icon-characters-2.png"; path = "../API_Awakens_Img/icon-characters-2.png"; sourceTree = "<group>"; };
		A64111581DF0600100D9DE57 /* icon-characters.pdf */ = {isa = PBXFileReference; lastKnownFileType = image.pdf; name = "icon-characters.pdf"; path = "../API_Awakens_Img/icon-characters.pdf"; sourceTree = "<group>"; };
		A64111591DF0600100D9DE57 /* icon-characters.png */ = {isa = PBXFileReference; lastKnownFileType = image.png; name = "icon-characters.png"; path = "../API_Awakens_Img/icon-characters.png"; sourceTree = "<group>"; };
		A641115A1DF0600100D9DE57 /* icon-characters@2x.png */ = {isa = PBXFileReference; lastKnownFileType = image.png; name = "icon-characters@2x.png"; path = "../API_Awakens_Img/icon-characters@2x.png"; sourceTree = "<group>"; };
		A641115B1DF0600100D9DE57 /* icon-characters@3x.png */ = {isa = PBXFileReference; lastKnownFileType = image.png; name = "icon-characters@3x.png"; path = "../API_Awakens_Img/icon-characters@3x.png"; sourceTree = "<group>"; };
		A641115C1DF0600100D9DE57 /* icon-starship.pdf */ = {isa = PBXFileReference; lastKnownFileType = image.pdf; name = "icon-starship.pdf"; path = "../API_Awakens_Img/icon-starship.pdf"; sourceTree = "<group>"; };
		A641115D1DF0600100D9DE57 /* icon-starships.png */ = {isa = PBXFileReference; lastKnownFileType = image.png; name = "icon-starships.png"; path = "../API_Awakens_Img/icon-starships.png"; sourceTree = "<group>"; };
		A641115E1DF0600100D9DE57 /* icon-starships@2x.png */ = {isa = PBXFileReference; lastKnownFileType = image.png; name = "icon-starships@2x.png"; path = "../API_Awakens_Img/icon-starships@2x.png"; sourceTree = "<group>"; };
		A641115F1DF0600100D9DE57 /* icon-starships@3x.png */ = {isa = PBXFileReference; lastKnownFileType = image.png; name = "icon-starships@3x.png"; path = "../API_Awakens_Img/icon-starships@3x.png"; sourceTree = "<group>"; };
		A64111601DF0600100D9DE57 /* icon-vehicle.pdf */ = {isa = PBXFileReference; lastKnownFileType = image.pdf; name = "icon-vehicle.pdf"; path = "../API_Awakens_Img/icon-vehicle.pdf"; sourceTree = "<group>"; };
		A64111611DF0600100D9DE57 /* icon-vehicles-2.png */ = {isa = PBXFileReference; lastKnownFileType = image.png; name = "icon-vehicles-2.png"; path = "../API_Awakens_Img/icon-vehicles-2.png"; sourceTree = "<group>"; };
		A64111621DF0600100D9DE57 /* icon-vehicles.png */ = {isa = PBXFileReference; lastKnownFileType = image.png; name = "icon-vehicles.png"; path = "../API_Awakens_Img/icon-vehicles.png"; sourceTree = "<group>"; };
		A64111631DF0600100D9DE57 /* icon-vehicles@2x.png */ = {isa = PBXFileReference; lastKnownFileType = image.png; name = "icon-vehicles@2x.png"; path = "../API_Awakens_Img/icon-vehicles@2x.png"; sourceTree = "<group>"; };
		A64111641DF0600100D9DE57 /* icon-vehicles@3x.png */ = {isa = PBXFileReference; lastKnownFileType = image.png; name = "icon-vehicles@3x.png"; path = "../API_Awakens_Img/icon-vehicles@3x.png"; sourceTree = "<group>"; };
		A64111651DF0600100D9DE57 /* iTunesArtwork.png */ = {isa = PBXFileReference; lastKnownFileType = image.png; name = iTunesArtwork.png; path = ../API_Awakens_Img/iTunesArtwork.png; sourceTree = "<group>"; };
		A64111661DF0600100D9DE57 /* star-wars-api.ai */ = {isa = PBXFileReference; fileEncoding = 4; lastKnownFileType = text; name = "star-wars-api.ai"; path = "../API_Awakens_Img/star-wars-api.ai"; sourceTree = "<group>"; };
		A64111791DF0601400D9DE57 /* star-wars-api-characters.png */ = {isa = PBXFileReference; lastKnownFileType = image.png; name = "star-wars-api-characters.png"; path = "../API_Awakens_Mockups/star-wars-api-characters.png"; sourceTree = "<group>"; };
		A641117A1DF0601400D9DE57 /* star-wars-api-home.png */ = {isa = PBXFileReference; lastKnownFileType = image.png; name = "star-wars-api-home.png"; path = "../API_Awakens_Mockups/star-wars-api-home.png"; sourceTree = "<group>"; };
		A641117B1DF0601400D9DE57 /* star-wars-api-starships.png */ = {isa = PBXFileReference; lastKnownFileType = image.png; name = "star-wars-api-starships.png"; path = "../API_Awakens_Mockups/star-wars-api-starships.png"; sourceTree = "<group>"; };
		A641117C1DF0601400D9DE57 /* star-wars-api-vehicles.png */ = {isa = PBXFileReference; lastKnownFileType = image.png; name = "star-wars-api-vehicles.png"; path = "../API_Awakens_Mockups/star-wars-api-vehicles.png"; sourceTree = "<group>"; };
/* End PBXFileReference section */

/* Begin PBXFrameworksBuildPhase section */
		A641113D1DF05FB700D9DE57 /* Frameworks */ = {
			isa = PBXFrameworksBuildPhase;
			buildActionMask = 2147483647;
			files = (
			);
			runOnlyForDeploymentPostprocessing = 0;
		};
/* End PBXFrameworksBuildPhase section */

/* Begin PBXGroup section */
		A64111371DF05FB700D9DE57 = {
			isa = PBXGroup;
			children = (
				A64111811DF0601B00D9DE57 /* Resources */,
				A64111421DF05FB700D9DE57 /* The API Awakens */,
				A64111411DF05FB700D9DE57 /* Products */,
			);
			sourceTree = "<group>";
		};
		A64111411DF05FB700D9DE57 /* Products */ = {
			isa = PBXGroup;
			children = (
				A64111401DF05FB700D9DE57 /* The API Awakens.app */,
			);
			name = Products;
			sourceTree = "<group>";
		};
		A64111421DF05FB700D9DE57 /* The API Awakens */ = {
			isa = PBXGroup;
			children = (
				A64111431DF05FB700D9DE57 /* AppDelegate.swift */,
				A64111451DF05FB700D9DE57 /* ViewController.swift */,
				A64111471DF05FB700D9DE57 /* Main.storyboard */,
				A641114A1DF05FB700D9DE57 /* Assets.xcassets */,
				A641114C1DF05FB700D9DE57 /* LaunchScreen.storyboard */,
				A641114F1DF05FB700D9DE57 /* Info.plist */,
			);
			path = "The API Awakens";
			sourceTree = "<group>";
		};
		A64111811DF0601B00D9DE57 /* Resources */ = {
			isa = PBXGroup;
			children = (
				A64111831DF0603400D9DE57 /* MockUps */,
				A64111821DF0602D00D9DE57 /* Images */,
			);
			name = Resources;
			sourceTree = "<group>";
		};
		A64111821DF0602D00D9DE57 /* Images */ = {
			isa = PBXGroup;
			children = (
				A64111551DF0600100D9DE57 /* appicon@2x.png */,
				A64111561DF0600100D9DE57 /* appicon@3x.png */,
				A64111571DF0600100D9DE57 /* icon-characters-2.png */,
				A64111581DF0600100D9DE57 /* icon-characters.pdf */,
				A64111591DF0600100D9DE57 /* icon-characters.png */,
				A641115A1DF0600100D9DE57 /* icon-characters@2x.png */,
				A641115B1DF0600100D9DE57 /* icon-characters@3x.png */,
				A641115C1DF0600100D9DE57 /* icon-starship.pdf */,
				A641115D1DF0600100D9DE57 /* icon-starships.png */,
				A641115E1DF0600100D9DE57 /* icon-starships@2x.png */,
				A641115F1DF0600100D9DE57 /* icon-starships@3x.png */,
				A64111601DF0600100D9DE57 /* icon-vehicle.pdf */,
				A64111611DF0600100D9DE57 /* icon-vehicles-2.png */,
				A64111621DF0600100D9DE57 /* icon-vehicles.png */,
				A64111631DF0600100D9DE57 /* icon-vehicles@2x.png */,
				A64111641DF0600100D9DE57 /* icon-vehicles@3x.png */,
				A64111651DF0600100D9DE57 /* iTunesArtwork.png */,
			);
			name = Images;
			sourceTree = "<group>";
		};
		A64111831DF0603400D9DE57 /* MockUps */ = {
			isa = PBXGroup;
			children = (
				A64111661DF0600100D9DE57 /* star-wars-api.ai */,
				A64111791DF0601400D9DE57 /* star-wars-api-characters.png */,
				A641117A1DF0601400D9DE57 /* star-wars-api-home.png */,
				A641117B1DF0601400D9DE57 /* star-wars-api-starships.png */,
				A641117C1DF0601400D9DE57 /* star-wars-api-vehicles.png */,
			);
			name = MockUps;
			sourceTree = "<group>";
		};
/* End PBXGroup section */

/* Begin PBXNativeTarget section */
		A641113F1DF05FB700D9DE57 /* The API Awakens */ = {
			isa = PBXNativeTarget;
			buildConfigurationList = A64111521DF05FB700D9DE57 /* Build configuration list for PBXNativeTarget "The API Awakens" */;
			buildPhases = (
				A641113C1DF05FB700D9DE57 /* Sources */,
				A641113D1DF05FB700D9DE57 /* Frameworks */,
				A641113E1DF05FB700D9DE57 /* Resources */,
			);
			buildRules = (
			);
			dependencies = (
			);
			name = "The API Awakens";
			productName = "The API Awakens";
			productReference = A64111401DF05FB700D9DE57 /* The API Awakens.app */;
			productType = "com.apple.product-type.application";
		};
/* End PBXNativeTarget section */

/* Begin PBXProject section */
		A64111381DF05FB700D9DE57 /* Project object */ = {
			isa = PBXProject;
			attributes = {
				LastSwiftUpdateCheck = 0810;
				LastUpgradeCheck = 0810;
				ORGANIZATIONNAME = zzheads;
				TargetAttributes = {
					A641113F1DF05FB700D9DE57 = {
						CreatedOnToolsVersion = 8.1;
						DevelopmentTeam = RS93W547X8;
						ProvisioningStyle = Automatic;
					};
				};
			};
			buildConfigurationList = A641113B1DF05FB700D9DE57 /* Build configuration list for PBXProject "The API Awakens" */;
			compatibilityVersion = "Xcode 3.2";
			developmentRegion = English;
			hasScannedForEncodings = 0;
			knownRegions = (
				en,
				Base,
			);
			mainGroup = A64111371DF05FB700D9DE57;
			productRefGroup = A64111411DF05FB700D9DE57 /* Products */;
			projectDirPath = "";
			projectRoot = "";
			targets = (
				A641113F1DF05FB700D9DE57 /* The API Awakens */,
			);
		};
/* End PBXProject section */

/* Begin PBXResourcesBuildPhase section */
		A641113E1DF05FB700D9DE57 /* Resources */ = {
			isa = PBXResourcesBuildPhase;
			buildActionMask = 2147483647;
			files = (
				A64111781DF0600100D9DE57 /* star-wars-api.ai in Resources */,
				A641116F1DF0600100D9DE57 /* icon-starships.png in Resources */,
				A641116A1DF0600100D9DE57 /* icon-characters.pdf in Resources */,
				A64111741DF0600100D9DE57 /* icon-vehicles.png in Resources */,
				A641114E1DF05FB700D9DE57 /* LaunchScreen.storyboard in Resources */,
				A64111691DF0600100D9DE57 /* icon-characters-2.png in Resources */,
				A641116E1DF0600100D9DE57 /* icon-starship.pdf in Resources */,
				A64111671DF0600100D9DE57 /* appicon@2x.png in Resources */,
				A64111721DF0600100D9DE57 /* icon-vehicle.pdf in Resources */,
				A641116B1DF0600100D9DE57 /* icon-characters.png in Resources */,
				A641116C1DF0600100D9DE57 /* icon-characters@2x.png in Resources */,
				A64111701DF0600100D9DE57 /* icon-starships@2x.png in Resources */,
				A641116D1DF0600100D9DE57 /* icon-characters@3x.png in Resources */,
				A64111751DF0600100D9DE57 /* icon-vehicles@2x.png in Resources */,
				A641117E1DF0601400D9DE57 /* star-wars-api-home.png in Resources */,
				A64111711DF0600100D9DE57 /* icon-starships@3x.png in Resources */,
				A64111801DF0601400D9DE57 /* star-wars-api-vehicles.png in Resources */,
				A641117D1DF0601400D9DE57 /* star-wars-api-characters.png in Resources */,
				A641114B1DF05FB700D9DE57 /* Assets.xcassets in Resources */,
				A64111491DF05FB700D9DE57 /* Main.storyboard in Resources */,
				A64111731DF0600100D9DE57 /* icon-vehicles-2.png in Resources */,
				A64111681DF0600100D9DE57 /* appicon@3x.png in Resources */,
				A64111771DF0600100D9DE57 /* iTunesArtwork.png in Resources */,
				A64111761DF0600100D9DE57 /* icon-vehicles@3x.png in Resources */,
				A641117F1DF0601400D9DE57 /* star-wars-api-starships.png in Resources */,
			);
			runOnlyForDeploymentPostprocessing = 0;
		};
/* End PBXResourcesBuildPhase section */

/* Begin PBXSourcesBuildPhase section */
		A641113C1DF05FB700D9DE57 /* Sources */ = {
			isa = PBXSourcesBuildPhase;
			buildActionMask = 2147483647;
			files = (
				A64111461DF05FB700D9DE57 /* ViewController.swift in Sources */,
				A64111441DF05FB700D9DE57 /* AppDelegate.swift in Sources */,
			);
			runOnlyForDeploymentPostprocessing = 0;
		};
/* End PBXSourcesBuildPhase section */

/* Begin PBXVariantGroup section */
		A64111471DF05FB700D9DE57 /* Main.storyboard */ = {
			isa = PBXVariantGroup;
			children = (
				A64111481DF05FB700D9DE57 /* Base */,
			);
			name = Main.storyboard;
			sourceTree = "<group>";
		};
		A641114C1DF05FB700D9DE57 /* LaunchScreen.storyboard */ = {
			isa = PBXVariantGroup;
			children = (
				A641114D1DF05FB700D9DE57 /* Base */,
			);
			name = LaunchScreen.storyboard;
			sourceTree = "<group>";
		};
/* End PBXVariantGroup section */

/* Begin XCBuildConfiguration section */
		A64111501DF05FB700D9DE57 /* Debug */ = {
			isa = XCBuildConfiguration;
			buildSettings = {
				ALWAYS_SEARCH_USER_PATHS = NO;
				CLANG_ANALYZER_NONNULL = YES;
				CLANG_CXX_LANGUAGE_STANDARD = "gnu++0x";
				CLANG_CXX_LIBRARY = "libc++";
				CLANG_ENABLE_MODULES = YES;
				CLANG_ENABLE_OBJC_ARC = YES;
				CLANG_WARN_BOOL_CONVERSION = YES;
				CLANG_WARN_CONSTANT_CONVERSION = YES;
				CLANG_WARN_DIRECT_OBJC_ISA_USAGE = YES_ERROR;
				CLANG_WARN_DOCUMENTATION_COMMENTS = YES;
				CLANG_WARN_EMPTY_BODY = YES;
				CLANG_WARN_ENUM_CONVERSION = YES;
				CLANG_WARN_INFINITE_RECURSION = YES;
				CLANG_WARN_INT_CONVERSION = YES;
				CLANG_WARN_OBJC_ROOT_CLASS = YES_ERROR;
				CLANG_WARN_SUSPICIOUS_MOVES = YES;
				CLANG_WARN_UNREACHABLE_CODE = YES;
				CLANG_WARN__DUPLICATE_METHOD_MATCH = YES;
				"CODE_SIGN_IDENTITY[sdk=iphoneos*]" = "iPhone Developer";
				COPY_PHASE_STRIP = NO;
				DEBUG_INFORMATION_FORMAT = dwarf;
				ENABLE_STRICT_OBJC_MSGSEND = YES;
				ENABLE_TESTABILITY = YES;
				GCC_C_LANGUAGE_STANDARD = gnu99;
				GCC_DYNAMIC_NO_PIC = NO;
				GCC_NO_COMMON_BLOCKS = YES;
				GCC_OPTIMIZATION_LEVEL = 0;
				GCC_PREPROCESSOR_DEFINITIONS = (
					"DEBUG=1",
					"$(inherited)",
				);
				GCC_WARN_64_TO_32_BIT_CONVERSION = YES;
				GCC_WARN_ABOUT_RETURN_TYPE = YES_ERROR;
				GCC_WARN_UNDECLARED_SELECTOR = YES;
				GCC_WARN_UNINITIALIZED_AUTOS = YES_AGGRESSIVE;
				GCC_WARN_UNUSED_FUNCTION = YES;
				GCC_WARN_UNUSED_VARIABLE = YES;
				IPHONEOS_DEPLOYMENT_TARGET = 10.1;
				MTL_ENABLE_DEBUG_INFO = YES;
				ONLY_ACTIVE_ARCH = YES;
				SDKROOT = iphoneos;
				SWIFT_ACTIVE_COMPILATION_CONDITIONS = DEBUG;
				SWIFT_OPTIMIZATION_LEVEL = "-Onone";
				TARGETED_DEVICE_FAMILY = "1,2";
			};
			name = Debug;
		};
		A64111511DF05FB700D9DE57 /* Release */ = {
			isa = XCBuildConfiguration;
			buildSettings = {
				ALWAYS_SEARCH_USER_PATHS = NO;
				CLANG_ANALYZER_NONNULL = YES;
				CLANG_CXX_LANGUAGE_STANDARD = "gnu++0x";
				CLANG_CXX_LIBRARY = "libc++";
				CLANG_ENABLE_MODULES = YES;
				CLANG_ENABLE_OBJC_ARC = YES;
				CLANG_WARN_BOOL_CONVERSION = YES;
				CLANG_WARN_CONSTANT_CONVERSION = YES;
				CLANG_WARN_DIRECT_OBJC_ISA_USAGE = YES_ERROR;
				CLANG_WARN_DOCUMENTATION_COMMENTS = YES;
				CLANG_WARN_EMPTY_BODY = YES;
				CLANG_WARN_ENUM_CONVERSION = YES;
				CLANG_WARN_INFINITE_RECURSION = YES;
				CLANG_WARN_INT_CONVERSION = YES;
				CLANG_WARN_OBJC_ROOT_CLASS = YES_ERROR;
				CLANG_WARN_SUSPICIOUS_MOVES = YES;
				CLANG_WARN_UNREACHABLE_CODE = YES;
				CLANG_WARN__DUPLICATE_METHOD_MATCH = YES;
				"CODE_SIGN_IDENTITY[sdk=iphoneos*]" = "iPhone Developer";
				COPY_PHASE_STRIP = NO;
				DEBUG_INFORMATION_FORMAT = "dwarf-with-dsym";
				ENABLE_NS_ASSERTIONS = NO;
				ENABLE_STRICT_OBJC_MSGSEND = YES;
				GCC_C_LANGUAGE_STANDARD = gnu99;
				GCC_NO_COMMON_BLOCKS = YES;
				GCC_WARN_64_TO_32_BIT_CONVERSION = YES;
				GCC_WARN_ABOUT_RETURN_TYPE = YES_ERROR;
				GCC_WARN_UNDECLARED_SELECTOR = YES;
				GCC_WARN_UNINITIALIZED_AUTOS = YES_AGGRESSIVE;
				GCC_WARN_UNUSED_FUNCTION = YES;
				GCC_WARN_UNUSED_VARIABLE = YES;
				IPHONEOS_DEPLOYMENT_TARGET = 10.1;
				MTL_ENABLE_DEBUG_INFO = NO;
				SDKROOT = iphoneos;
				SWIFT_OPTIMIZATION_LEVEL = "-Owholemodule";
				TARGETED_DEVICE_FAMILY = "1,2";
				VALIDATE_PRODUCT = YES;
			};
			name = Release;
		};
		A64111531DF05FB700D9DE57 /* Debug */ = {
			isa = XCBuildConfiguration;
			buildSettings = {
				ASSETCATALOG_COMPILER_APPICON_NAME = AppIcon;
				DEVELOPMENT_TEAM = RS93W547X8;
				INFOPLIST_FILE = "The API Awakens/Info.plist";
				IPHONEOS_DEPLOYMENT_TARGET = 9.0;
				LD_RUNPATH_SEARCH_PATHS = "$(inherited) @executable_path/Frameworks";
				PRODUCT_BUNDLE_IDENTIFIER = "com.zzheads.The-API-Awakens";
				PRODUCT_NAME = "$(TARGET_NAME)";
				SWIFT_VERSION = 3.0;
			};
			name = Debug;
		};
		A64111541DF05FB700D9DE57 /* Release */ = {
			isa = XCBuildConfiguration;
			buildSettings = {
				ASSETCATALOG_COMPILER_APPICON_NAME = AppIcon;
				DEVELOPMENT_TEAM = RS93W547X8;
				INFOPLIST_FILE = "The API Awakens/Info.plist";
				IPHONEOS_DEPLOYMENT_TARGET = 9.0;
				LD_RUNPATH_SEARCH_PATHS = "$(inherited) @executable_path/Frameworks";
				PRODUCT_BUNDLE_IDENTIFIER = "com.zzheads.The-API-Awakens";
				PRODUCT_NAME = "$(TARGET_NAME)";
				SWIFT_VERSION = 3.0;
			};
			name = Release;
		};
/* End XCBuildConfiguration section */

/* Begin XCConfigurationList section */
		A641113B1DF05FB700D9DE57 /* Build configuration list for PBXProject "The API Awakens" */ = {
			isa = XCConfigurationList;
			buildConfigurations = (
				A64111501DF05FB700D9DE57 /* Debug */,
				A64111511DF05FB700D9DE57 /* Release */,
			);
			defaultConfigurationIsVisible = 0;
			defaultConfigurationName = Release;
		};
		A64111521DF05FB700D9DE57 /* Build configuration list for PBXNativeTarget "The API Awakens" */ = {
			isa = XCConfigurationList;
			buildConfigurations = (
				A64111531DF05FB700D9DE57 /* Debug */,
				A64111541DF05FB700D9DE57 /* Release */,
			);
			defaultConfigurationIsVisible = 0;
		};
/* End XCConfigurationList section */
	};
	rootObject = A64111381DF05FB700D9DE57 /* Project object */;
}
